# This file was autogenerated by Stack.
# You should not edit this file by hand.
# For more information, please see the documentation at:
#   https://docs.haskellstack.org/en/stable/lock_files

packages:
- completed:
    size: 57991
    subdir: qtility
    url: https://github.com/quanterall/qtility/archive/3c8f42c1e5380e3c7ecc9430c23882422405d4a5.tar.gz
    name: qtility
    version: 1.0.0
    sha256: 3b9241639fad2e1f5703e7093a0b536e84765af1cc7e7a9a578c6d471b0cbf56
    pantry-tree:
      size: 1796
      sha256: 7f14d5aeeac346054c7c58152b434ec2e9bcc349c16438d77e1cd74e0a72c50b
  original:
    subdir: qtility
    url: https://github.com/quanterall/qtility/archive/3c8f42c1e5380e3c7ecc9430c23882422405d4a5.tar.gz
snapshots:
- completed:
    size: 586069
    url: https://raw.githubusercontent.com/commercialhaskell/stackage-snapshots/master/lts/18/14.yaml
    sha256: 87842ecbaa8ca9cee59a7e6be52369dbed82ed075cb4e0d152614a627e8fd488
  original: lts-18.14
